
Microsoft Visual Studio Solution File, Format Version 12.00
# Visual Studio Version 17
VisualStudioVersion = 17.5.33502.453
MinimumVisualStudioVersion = 10.0.40219.1
Project("{FAE04EC0-301F-11D3-BF4B-00C04F79EFBC}") = "zadanie5", "zadanie5.csproj", "{8B75C2A3-D59D-489F-AE02-CAE57AF970C6}"
EndProject
Global
	GlobalSection(SolutionConfigurationPlatforms) = preSolution
		Debug|Any CPU = Debug|Any CPU
		Release|Any CPU = Release|Any CPU
	EndGlobalSection
	GlobalSection(ProjectConfigurationPlatforms) = postSolution
		{8B75C2A3-D59D-489F-AE02-CAE57AF970C6}.Debug|Any CPU.ActiveCfg = Debug|Any CPU
		{8B75C2A3-D59D-489F-AE02-CAE57AF970C6}.Debug|Any CPU.Build.0 = Debug|Any CPU
		{8B75C2A3-D59D-489F-AE02-CAE57AF970C6}.Release|Any CPU.ActiveCfg = Release|Any CPU
		{8B75C2A3-D59D-489F-AE02-CAE57AF970C6}.Release|Any CPU.Build.0 = Release|Any CPU
	EndGlobalSection
	GlobalSection(SolutionProperties) = preSolution
		HideSolutionNode = FALSE
	EndGlobalSection
	GlobalSection(ExtensibilityGlobals) = postSolution
		SolutionGuid = {D2E20553-7665-4F8B-8A8F-95D7EDB658E4}
	EndGlobalSection
EndGlobal
